{
  "name": "permissioned-ledger",
  "version": "0.1.0",
  "lockfileVersion": 1,
  "requires": true,
  "dependencies": {
    "basic-logger": {
      "version": "0.4.4",
      "resolved": "https://registry.npmjs.org/basic-logger/-/basic-logger-0.4.4.tgz",
      "integrity": "sha1-EeF+sE/uP8JS49bGvgZeWomI+Ac=",
      "requires": {
        "pkginfo": "0.2.3",
        "underscore": "1.2.4"
      }
    },
    "commander": {
      "version": "2.15.0",
      "resolved": "https://registry.npmjs.org/commander/-/commander-2.15.0.tgz",
      "integrity": "sha512-7B1ilBwtYSbetCgTY1NJFg+gVpestg0fdA1MhC1Vs4ssyfSXnCAjFr+QcQM9/RedXC0EaUx1sG8Smgw2VfgKEg=="
    },
    "pkginfo": {
      "version": "0.2.3",
      "resolved": "https://registry.npmjs.org/pkginfo/-/pkginfo-0.2.3.tgz",
      "integrity": "sha1-cjnEKl72wwuPMoQ52bn/cQQkkPg="
    },
    "underscore": {
      "version": "1.2.4",
      "resolved": "https://registry.npmjs.org/underscore/-/underscore-1.2.4.tgz",
      "integrity": "sha1-6NpiQaoG9k3yRzuyWQuMF8hMPH4="
    }
  }
}
